
Microsoft Visual Studio Solution File, Format Version 12.00
# Visual Studio Version 17
VisualStudioVersion = 17.8.34330.188
MinimumVisualStudioVersion = 10.0.40219.1
Project("{FAE04EC0-301F-11D3-BF4B-00C04F79EFBC}") = "farm_api", "farm_api\farm_api.csproj", "{885F51D1-45BE-4106-B1F9-FD53256C0815}"
EndProject
Project("{FAE04EC0-301F-11D3-BF4B-00C04F79EFBC}") = "Core", "Core\Core.csproj", "{8AC73084-079B-4820-BEBC-5176602AFAE2}"
EndProject
Project("{FAE04EC0-301F-11D3-BF4B-00C04F79EFBC}") = "DAL", "DAL\DAL.csproj", "{9C473F53-E32E-4D78-9FCA-0BCA5C30E2FB}"
EndProject
Project("{FAE04EC0-301F-11D3-BF4B-00C04F79EFBC}") = "BLL", "BLL\BLL.csproj", "{0674EB85-1DE0-4C3D-BA30-1D65E38C876A}"
EndProject
Global
	GlobalSection(SolutionConfigurationPlatforms) = preSolution
		Debug|Any CPU = Debug|Any CPU
		Release|Any CPU = Release|Any CPU
	EndGlobalSection
	GlobalSection(ProjectConfigurationPlatforms) = postSolution
		{885F51D1-45BE-4106-B1F9-FD53256C0815}.Debug|Any CPU.ActiveCfg = Debug|Any CPU
		{885F51D1-45BE-4106-B1F9-FD53256C0815}.Debug|Any CPU.Build.0 = Debug|Any CPU
		{885F51D1-45BE-4106-B1F9-FD53256C0815}.Release|Any CPU.ActiveCfg = Release|Any CPU
		{885F51D1-45BE-4106-B1F9-FD53256C0815}.Release|Any CPU.Build.0 = Release|Any CPU
		{8AC73084-079B-4820-BEBC-5176602AFAE2}.Debug|Any CPU.ActiveCfg = Debug|Any CPU
		{8AC73084-079B-4820-BEBC-5176602AFAE2}.Debug|Any CPU.Build.0 = Debug|Any CPU
		{8AC73084-079B-4820-BEBC-5176602AFAE2}.Release|Any CPU.ActiveCfg = Release|Any CPU
		{8AC73084-079B-4820-BEBC-5176602AFAE2}.Release|Any CPU.Build.0 = Release|Any CPU
		{9C473F53-E32E-4D78-9FCA-0BCA5C30E2FB}.Debug|Any CPU.ActiveCfg = Debug|Any CPU
		{9C473F53-E32E-4D78-9FCA-0BCA5C30E2FB}.Debug|Any CPU.Build.0 = Debug|Any CPU
		{9C473F53-E32E-4D78-9FCA-0BCA5C30E2FB}.Release|Any CPU.ActiveCfg = Release|Any CPU
		{9C473F53-E32E-4D78-9FCA-0BCA5C30E2FB}.Release|Any CPU.Build.0 = Release|Any CPU
		{0674EB85-1DE0-4C3D-BA30-1D65E38C876A}.Debug|Any CPU.ActiveCfg = Debug|Any CPU
		{0674EB85-1DE0-4C3D-BA30-1D65E38C876A}.Debug|Any CPU.Build.0 = Debug|Any CPU
		{0674EB85-1DE0-4C3D-BA30-1D65E38C876A}.Release|Any CPU.ActiveCfg = Release|Any CPU
		{0674EB85-1DE0-4C3D-BA30-1D65E38C876A}.Release|Any CPU.Build.0 = Release|Any CPU
	EndGlobalSection
	GlobalSection(SolutionProperties) = preSolution
		HideSolutionNode = FALSE
	EndGlobalSection
	GlobalSection(ExtensibilityGlobals) = postSolution
		SolutionGuid = {C0CB842E-6B67-4E06-80A4-2DACD2717BD5}
	EndGlobalSection
EndGlobal
